
Microsoft Visual Studio Solution File, Format Version 12.00
# Visual Studio 14
VisualStudioVersion = 14.0.25123.0
MinimumVisualStudioVersion = 10.0.40219.1
Project("{FAE04EC0-301F-11D3-BF4B-00C04F79EFBC}") = "ViconSDKTest", "ViconSDKTest\ViconSDKTest.csproj", "{DB5C907C-DA2B-47BE-8269-FAD450397D6D}"
EndProject
Project("{FAE04EC0-301F-11D3-BF4B-00C04F79EFBC}") = "ViconLocalRotations", "ViconLocalRotations\ViconLocalRotations.csproj", "{509123D9-E2A8-49B2-8D74-1C868E31BC7C}"
EndProject
Global
	GlobalSection(SolutionConfigurationPlatforms) = preSolution
		Debug|Any CPU = Debug|Any CPU
		Debug|x64 = Debug|x64
		Debug|x86 = Debug|x86
		Release|Any CPU = Release|Any CPU
		Release|x64 = Release|x64
		Release|x86 = Release|x86
	EndGlobalSection
	GlobalSection(ProjectConfigurationPlatforms) = postSolution
		{DB5C907C-DA2B-47BE-8269-FAD450397D6D}.Debug|Any CPU.ActiveCfg = Debug|Any CPU
		{DB5C907C-DA2B-47BE-8269-FAD450397D6D}.Debug|Any CPU.Build.0 = Debug|Any CPU
		{DB5C907C-DA2B-47BE-8269-FAD450397D6D}.Debug|x64.ActiveCfg = Debug|Any CPU
		{DB5C907C-DA2B-47BE-8269-FAD450397D6D}.Debug|x64.Build.0 = Debug|Any CPU
		{DB5C907C-DA2B-47BE-8269-FAD450397D6D}.Debug|x86.ActiveCfg = Debug|x86
		{DB5C907C-DA2B-47BE-8269-FAD450397D6D}.Debug|x86.Build.0 = Debug|x86
		{DB5C907C-DA2B-47BE-8269-FAD450397D6D}.Release|Any CPU.ActiveCfg = Release|x86
		{DB5C907C-DA2B-47BE-8269-FAD450397D6D}.Release|Any CPU.Build.0 = Release|x86
		{DB5C907C-DA2B-47BE-8269-FAD450397D6D}.Release|x64.ActiveCfg = Release|Any CPU
		{DB5C907C-DA2B-47BE-8269-FAD450397D6D}.Release|x64.Build.0 = Release|Any CPU
		{DB5C907C-DA2B-47BE-8269-FAD450397D6D}.Release|x86.ActiveCfg = Release|x86
		{DB5C907C-DA2B-47BE-8269-FAD450397D6D}.Release|x86.Build.0 = Release|x86
		{509123D9-E2A8-49B2-8D74-1C868E31BC7C}.Debug|Any CPU.ActiveCfg = Debug|Any CPU
		{509123D9-E2A8-49B2-8D74-1C868E31BC7C}.Debug|Any CPU.Build.0 = Debug|Any CPU
		{509123D9-E2A8-49B2-8D74-1C868E31BC7C}.Debug|x64.ActiveCfg = Debug|x64
		{509123D9-E2A8-49B2-8D74-1C868E31BC7C}.Debug|x64.Build.0 = Debug|x64
		{509123D9-E2A8-49B2-8D74-1C868E31BC7C}.Debug|x86.ActiveCfg = Debug|Any CPU
		{509123D9-E2A8-49B2-8D74-1C868E31BC7C}.Debug|x86.Build.0 = Debug|Any CPU
		{509123D9-E2A8-49B2-8D74-1C868E31BC7C}.Release|Any CPU.ActiveCfg = Release|Any CPU
		{509123D9-E2A8-49B2-8D74-1C868E31BC7C}.Release|Any CPU.Build.0 = Release|Any CPU
		{509123D9-E2A8-49B2-8D74-1C868E31BC7C}.Release|x64.ActiveCfg = Release|x64
		{509123D9-E2A8-49B2-8D74-1C868E31BC7C}.Release|x64.Build.0 = Release|x64
		{509123D9-E2A8-49B2-8D74-1C868E31BC7C}.Release|x86.ActiveCfg = Release|Any CPU
		{509123D9-E2A8-49B2-8D74-1C868E31BC7C}.Release|x86.Build.0 = Release|Any CPU
	EndGlobalSection
	GlobalSection(SolutionProperties) = preSolution
		HideSolutionNode = FALSE
	EndGlobalSection
EndGlobal
